# @generated - this file is auto-generated by `mise lock` https://mise.jdx.dev/dev-tools/mise-lock.html

lockfile_version = 2

[[tools.node]]
version = "24.21.0"
backend = "core:node"
specifiers = [
    "20",
    "24",
]

[tools.node."platforms.linux-arm64"]
checksum = "sha256:724282c3b43aec998aa9527380465b45d229e021b58035f5f4f63095eabfe5d5"
url = "https://nodejs.org/dist/v24.21.0/node-v24.21.0-linux-arm64.tar.gz"

[tools.node."platforms.linux-arm64-musl"]
checksum = "sha256:3048b0811e158ca0d8672b59c839861763e144492980d8d29b369dfee45747e4"
url = "https://unofficial-builds.nodejs.org/download/release/v24.21.0/node-v24.21.0-linux-arm64-musl.tar.gz"

[tools.node."platforms.linux-x64"]
checksum = "sha256:6e1db87ef58b8819e5d5402eff1536491b18edd8eb7bee5ef7897876e88dc5ff"
url = "https://nodejs.org/dist/v24.21.0/node-v24.21.0-linux-x64.tar.gz"

[tools.node."platforms.linux-x64-musl"]
checksum = "sha256:01a713e34da98e7b4d2a3191ee7ca3f93dd0384d1a2ef23c379b2161ee6e133a"
url = "https://unofficial-builds.nodejs.org/download/release/v24.21.0/node-v24.21.0-linux-x64-musl.tar.gz"

[tools.node."platforms.macos-arm64"]
checksum = "sha256:bed7eea5325e1108f32ce5228ddd6a5f0f08a499ee42aa7442aea583702f6057"
url = "https://nodejs.org/dist/v24.21.0/node-v24.21.0-darwin-arm64.tar.gz"

[tools.node."platforms.macos-x64"]
checksum = "sha256:1462cb3b3046b815cf8ea436d3da450ec1a9f11dac7e5a46b0ada5305d7e8097"
url = "https://nodejs.org/dist/v24.21.0/node-v24.21.0-darwin-x64.tar.gz"

[tools.node."platforms.windows-x64"]
checksum = "sha256:158f7685b44de51f6c0df1d153526cbcd3e1bc739a8dfc607721cef75de9e541"
url = "https://nodejs.org/dist/v24.21.0/node-v24.21.0-win-x64.zip"

[[tools.node]]
version = "24.21.0"
backend = "core:node"

[[tools.node]]
version = "22.23.3"
backend = "core:node"
specifiers = ["22"]

[tools.node."platforms.linux-arm64"]
checksum = "sha256:5ced2d48d1d7198739b7f86804de0171aefb6823b684b12341d3321afc3cb0b2"
url = "https://nodejs.org/dist/v22.23.3/node-v22.23.3-linux-arm64.tar.gz"

[tools.node."platforms.linux-arm64-musl"]
checksum = "sha256:8cec03a498d883739d1dc9b924fda2f86944705b54ac707bf48a637483774c70"
url = "https://unofficial-builds.nodejs.org/download/release/v22.23.3/node-v22.23.3-linux-arm64-musl.tar.gz"

[tools.node."platforms.linux-x64"]
checksum = "sha256:1084aa36196bba4c3a5e69a1ee388a6e4ff729dad09445fbcd434b28fe3c24af"
url = "https://nodejs.org/dist/v22.23.3/node-v22.23.3-linux-x64.tar.gz"

[tools.node."platforms.linux-x64-musl"]
checksum = "sha256:5ea46894fc06e09363846d8ed65a822bd00bea35d974e41320272a48af309e3a"
url = "https://unofficial-builds.nodejs.org/download/release/v22.23.3/node-v22.23.3-linux-x64-musl.tar.gz"

[tools.node."platforms.macos-arm64"]
checksum = "sha256:23b25245dcfb9af7262f8ff142e9e2e0af025368117329e7a7458a51e5922f53"
url = "https://nodejs.org/dist/v22.23.3/node-v22.23.3-darwin-arm64.tar.gz"

[tools.node."platforms.macos-x64"]
checksum = "sha256:8a677b0219178efd6eb0e475457c4afb452b521a92f6e67845a73bd85727f2a8"
url = "https://nodejs.org/dist/v22.23.3/node-v22.23.3-darwin-x64.tar.gz"

[tools.node."platforms.windows-x64"]
checksum = "sha256:2b0ff57b049cda1bbcea2240eec20467018713c1efe1f7360c2681859b90ed71"
url = "https://nodejs.org/dist/v22.23.3/node-v22.23.3-win-x64.zip"
